
Microsoft Visual Studio Solution File, Format Version 12.00
# Visual Studio Version 16
VisualStudioVersion = 16.0.31005.135
MinimumVisualStudioVersion = 10.0.40219.1
Project("{FAE04EC0-301F-11D3-BF4B-00C04F79EFBC}") = "Ejercicio 4", "Ejercicio 4\Ejercicio 4.csproj", "{A124E3F4-1111-454B-BC2F-9D2458E994A1}"
EndProject
Global
	GlobalSection(SolutionConfigurationPlatforms) = preSolution
		Debug|Any CPU = Debug|Any CPU
		Release|Any CPU = Release|Any CPU
	EndGlobalSection
	GlobalSection(ProjectConfigurationPlatforms) = postSolution
		{A124E3F4-1111-454B-BC2F-9D2458E994A1}.Debug|Any CPU.ActiveCfg = Debug|Any CPU
		{A124E3F4-1111-454B-BC2F-9D2458E994A1}.Debug|Any CPU.Build.0 = Debug|Any CPU
		{A124E3F4-1111-454B-BC2F-9D2458E994A1}.Release|Any CPU.ActiveCfg = Release|Any CPU
		{A124E3F4-1111-454B-BC2F-9D2458E994A1}.Release|Any CPU.Build.0 = Release|Any CPU
	EndGlobalSection
	GlobalSection(SolutionProperties) = preSolution
		HideSolutionNode = FALSE
	EndGlobalSection
	GlobalSection(ExtensibilityGlobals) = postSolution
		SolutionGuid = {48769EF7-F9B9-4406-9241-CF9AA0AC5983}
	EndGlobalSection
EndGlobal
