
Microsoft Visual Studio Solution File, Format Version 12.00
# Visual Studio Version 16
VisualStudioVersion = 16.0.31005.135
MinimumVisualStudioVersion = 10.0.40219.1
Project("{FAE04EC0-301F-11D3-BF4B-00C04F79EFBC}") = "Ejercicio 3", "Ejercicio 3\Ejercicio 3.csproj", "{0D42CDBC-5E44-4363-9E83-EFF2D82F9869}"
EndProject
Global
	GlobalSection(SolutionConfigurationPlatforms) = preSolution
		Debug|Any CPU = Debug|Any CPU
		Release|Any CPU = Release|Any CPU
	EndGlobalSection
	GlobalSection(ProjectConfigurationPlatforms) = postSolution
		{0D42CDBC-5E44-4363-9E83-EFF2D82F9869}.Debug|Any CPU.ActiveCfg = Debug|Any CPU
		{0D42CDBC-5E44-4363-9E83-EFF2D82F9869}.Debug|Any CPU.Build.0 = Debug|Any CPU
		{0D42CDBC-5E44-4363-9E83-EFF2D82F9869}.Release|Any CPU.ActiveCfg = Release|Any CPU
		{0D42CDBC-5E44-4363-9E83-EFF2D82F9869}.Release|Any CPU.Build.0 = Release|Any CPU
	EndGlobalSection
	GlobalSection(SolutionProperties) = preSolution
		HideSolutionNode = FALSE
	EndGlobalSection
	GlobalSection(ExtensibilityGlobals) = postSolution
		SolutionGuid = {BF6E34ED-BAB8-4B6C-951C-69217E6DF3F3}
	EndGlobalSection
EndGlobal
