
Microsoft Visual Studio Solution File, Format Version 12.00
# Visual Studio Version 16
VisualStudioVersion = 16.0.31005.135
MinimumVisualStudioVersion = 10.0.40219.1
Project("{FAE04EC0-301F-11D3-BF4B-00C04F79EFBC}") = "Ejercicio 5", "Ejercicio 5\Ejercicio 5.csproj", "{F5C871EE-DD16-40E6-A5E7-10DBB57B6375}"
EndProject
Global
	GlobalSection(SolutionConfigurationPlatforms) = preSolution
		Debug|Any CPU = Debug|Any CPU
		Release|Any CPU = Release|Any CPU
	EndGlobalSection
	GlobalSection(ProjectConfigurationPlatforms) = postSolution
		{F5C871EE-DD16-40E6-A5E7-10DBB57B6375}.Debug|Any CPU.ActiveCfg = Debug|Any CPU
		{F5C871EE-DD16-40E6-A5E7-10DBB57B6375}.Debug|Any CPU.Build.0 = Debug|Any CPU
		{F5C871EE-DD16-40E6-A5E7-10DBB57B6375}.Release|Any CPU.ActiveCfg = Release|Any CPU
		{F5C871EE-DD16-40E6-A5E7-10DBB57B6375}.Release|Any CPU.Build.0 = Release|Any CPU
	EndGlobalSection
	GlobalSection(SolutionProperties) = preSolution
		HideSolutionNode = FALSE
	EndGlobalSection
	GlobalSection(ExtensibilityGlobals) = postSolution
		SolutionGuid = {9A8A1F82-65FA-4383-BD34-25D65773D1D8}
	EndGlobalSection
EndGlobal
